
Microsoft Visual Studio Solution File, Format Version 12.00
# Visual Studio Version 17
VisualStudioVersion = 17.0.31717.71
MinimumVisualStudioVersion = 10.0.40219.1
Project("{9A19103F-16F7-4668-BE54-9A1E7A4F7556}") = "PizzaPromo.Web.Server", "PizzaPromo.Web\Server\PizzaPromo.Web.Server.csproj", "{6B46520D-7BBB-4EAB-86D0-60426AFC29F9}"
EndProject
Project("{9A19103F-16F7-4668-BE54-9A1E7A4F7556}") = "PizzaPromo.Web.Client", "PizzaPromo.Web\Client\PizzaPromo.Web.Client.csproj", "{6402B0A9-20F2-4C93-B8EC-CF267E47C63F}"
EndProject
Project("{9A19103F-16F7-4668-BE54-9A1E7A4F7556}") = "PizzaPromo.Web.Shared", "PizzaPromo.Web\Shared\PizzaPromo.Web.Shared.csproj", "{BA9C9898-2992-4452-BB55-63374D65D989}"
EndProject
Global
	GlobalSection(SolutionConfigurationPlatforms) = preSolution
		Debug|Any CPU = Debug|Any CPU
		Release|Any CPU = Release|Any CPU
	EndGlobalSection
	GlobalSection(ProjectConfigurationPlatforms) = postSolution
		{6B46520D-7BBB-4EAB-86D0-60426AFC29F9}.Debug|Any CPU.ActiveCfg = Debug|Any CPU
		{6B46520D-7BBB-4EAB-86D0-60426AFC29F9}.Debug|Any CPU.Build.0 = Debug|Any CPU
		{6B46520D-7BBB-4EAB-86D0-60426AFC29F9}.Release|Any CPU.ActiveCfg = Release|Any CPU
		{6B46520D-7BBB-4EAB-86D0-60426AFC29F9}.Release|Any CPU.Build.0 = Release|Any CPU
		{6402B0A9-20F2-4C93-B8EC-CF267E47C63F}.Debug|Any CPU.ActiveCfg = Debug|Any CPU
		{6402B0A9-20F2-4C93-B8EC-CF267E47C63F}.Debug|Any CPU.Build.0 = Debug|Any CPU
		{6402B0A9-20F2-4C93-B8EC-CF267E47C63F}.Release|Any CPU.ActiveCfg = Release|Any CPU
		{6402B0A9-20F2-4C93-B8EC-CF267E47C63F}.Release|Any CPU.Build.0 = Release|Any CPU
		{BA9C9898-2992-4452-BB55-63374D65D989}.Debug|Any CPU.ActiveCfg = Debug|Any CPU
		{BA9C9898-2992-4452-BB55-63374D65D989}.Debug|Any CPU.Build.0 = Debug|Any CPU
		{BA9C9898-2992-4452-BB55-63374D65D989}.Release|Any CPU.ActiveCfg = Release|Any CPU
		{BA9C9898-2992-4452-BB55-63374D65D989}.Release|Any CPU.Build.0 = Release|Any CPU
	EndGlobalSection
	GlobalSection(SolutionProperties) = preSolution
		HideSolutionNode = FALSE
	EndGlobalSection
	GlobalSection(ExtensibilityGlobals) = postSolution
		SolutionGuid = {B723D76B-D997-4403-A25C-1F8231C0C1FB}
	EndGlobalSection
EndGlobal
